
Microsoft Visual Studio Solution File, Format Version 12.00
# Visual Studio Version 17
VisualStudioVersion = 17.3.32922.545
MinimumVisualStudioVersion = 10.0.40219.1
Project("{FAE04EC0-301F-11D3-BF4B-00C04F79EFBC}") = "WebApp2", "WebApp2\WebApp2.csproj", "{EE6C02F2-88A2-4EC2-8768-0BE8E2F67CFF}"
EndProject
Global
	GlobalSection(SolutionConfigurationPlatforms) = preSolution
		Debug|Any CPU = Debug|Any CPU
		Release|Any CPU = Release|Any CPU
	EndGlobalSection
	GlobalSection(ProjectConfigurationPlatforms) = postSolution
		{EE6C02F2-88A2-4EC2-8768-0BE8E2F67CFF}.Debug|Any CPU.ActiveCfg = Debug|Any CPU
		{EE6C02F2-88A2-4EC2-8768-0BE8E2F67CFF}.Debug|Any CPU.Build.0 = Debug|Any CPU
		{EE6C02F2-88A2-4EC2-8768-0BE8E2F67CFF}.Release|Any CPU.ActiveCfg = Release|Any CPU
		{EE6C02F2-88A2-4EC2-8768-0BE8E2F67CFF}.Release|Any CPU.Build.0 = Release|Any CPU
	EndGlobalSection
	GlobalSection(SolutionProperties) = preSolution
		HideSolutionNode = FALSE
	EndGlobalSection
	GlobalSection(ExtensibilityGlobals) = postSolution
		SolutionGuid = {478B9141-0AB6-45B0-A06C-1AF20FD80F3B}
	EndGlobalSection
EndGlobal
